Microsoft Visual Studio Solution File, Format Version 12.00
# Visual Studio 14
VisualStudioVersion = 14.0.25123.0
MinimumVisualStudioVersion = 10.0.40219.1
Project("{8BC9CEB8-8B4A-11D0-8D11-00A0C91BC942}") = "Naad", "Naad.vcxproj", "{2CF1DEDB-2800-477F-8FC2-0E24A1B56EA4}"
EndProject
Global
	GlobalSection(SolutionConfigurationPlatforms) = preSolution
		Debug|Win32 = Debug|Win32
		Release|Win32 = Release|Win32
		ReleaseStatic|Win32 = ReleaseStatic|Win32
		Template|Win32 = Template|Win32
	EndGlobalSection
	GlobalSection(ProjectConfigurationPlatforms) = postSolution
		{2CF1DEDB-2800-477F-8FC2-0E24A1B56EA4}.Debug|Win32.ActiveCfg = Debug|Win32
		{2CF1DEDB-2800-477F-8FC2-0E24A1B56EA4}.Debug|Win32.Build.0 = Debug|Win32
		{2CF1DEDB-2800-477F-8FC2-0E24A1B56EA4}.Release|Win32.ActiveCfg = Release|Win32
		{2CF1DEDB-2800-477F-8FC2-0E24A1B56EA4}.Release|Win32.Build.0 = Release|Win32
		{2CF1DEDB-2800-477F-8FC2-0E24A1B56EA4}.ReleaseStatic|Win32.ActiveCfg = ReleaseStatic|Win32
		{2CF1DEDB-2800-477F-8FC2-0E24A1B56EA4}.ReleaseStatic|Win32.Build.0 = ReleaseStatic|Win32
		{2CF1DEDB-2800-477F-8FC2-0E24A1B56EA4}.Template|Win32.ActiveCfg = Template|Win32
		{2CF1DEDB-2800-477F-8FC2-0E24A1B56EA4}.Template|Win32.Build.0 = Template|Win32
	EndGlobalSection
	GlobalSection(SolutionProperties) = preSolution
		HideSolutionNode = FALSE
	EndGlobalSection
EndGlobal
