<?xml version="1.0" encoding="utf-8"?>
<Project ToolsVersion="4.0" xmlns="http://schemas.microsoft.com/developer/msbuild/2003">
  <ItemGroup>
    <Filter Include="Source Files">
      <UniqueIdentifier>{4FC737F1-C7A5-4376-A066-2A32D752A2FF}</UniqueIdentifier>
      <Extensions>cpp;c;cxx;def;odl;idl;hpj;bat;asm;asmx</Extensions>
    </Filter>
    <Filter Include="Header Files">
      <UniqueIdentifier>{93995380-89BD-4b04-88EB-625FBE52EBFB}</UniqueIdentifier>
      <Extensions>h;hpp;hxx;hm;inl;inc;xsd</Extensions>
    </Filter>
    <Filter Include="Resource Files">
      <UniqueIdentifier>{67DA6AB6-F800-4c08-8B7A-83BB121AAD01}</UniqueIdentifier>
      <Extensions>rc;ico;cur;bmp;dlg;rc2;rct;bin;rgs;gif;jpg;jpeg;jpe;resx</Extensions>
    </Filter>
  </ItemGroup>
  <ItemGroup>
    <ClCompile Include="AboutNaadDlg.cpp">
      <Filter>Source Files</Filter>
    </ClCompile>
    <ClCompile Include="Bol.cpp">
      <Filter>Source Files</Filter>
    </ClCompile>
    <ClCompile Include="Composition.cpp">
      <Filter>Source Files</Filter>
    </ClCompile>
    <ClCompile Include="CompPropDlg.cpp">
      <Filter>Source Files</Filter>
    </ClCompile>
    <ClCompile Include="Loop.cpp">
      <Filter>Source Files</Filter>
    </ClCompile>
    <ClCompile Include="LoopPropDlg.cpp">
      <Filter>Source Files</Filter>
    </ClCompile>
    <ClCompile Include="MultilineList.cpp">
      <Filter>Source Files</Filter>
    </ClCompile>
    <ClCompile Include="ScrollHelper.cpp">
      <Filter>Source Files</Filter>
    </ClCompile>
    <ClCompile Include="stdafx.cpp">
      <Filter>Source Files</Filter>
    </ClCompile>
    <ClCompile Include="UpdateCheck.cpp">
      <Filter>Source Files</Filter>
    </ClCompile>
    <ClCompile Include="WaveBox.cpp">
      <Filter>Source Files</Filter>
    </ClCompile>
    <ClCompile Include="zoomctrl.cpp">
      <Filter>Source Files</Filter>
    </ClCompile>
    <ClCompile Include="Sequence.cpp">
      <Filter>Source Files</Filter>
    </ClCompile>
    <ClCompile Include="Naad.cpp">
      <Filter>Source Files</Filter>
    </ClCompile>
    <ClCompile Include="NaadDlg.cpp">
      <Filter>Source Files</Filter>
    </ClCompile>
  </ItemGroup>
  <ItemGroup>
    <ClInclude Include="AboutNaadDlg.h">
      <Filter>Header Files</Filter>
    </ClInclude>
    <ClInclude Include="Bol.h">
      <Filter>Header Files</Filter>
    </ClInclude>
    <ClInclude Include="Composition.h">
      <Filter>Header Files</Filter>
    </ClInclude>
    <ClInclude Include="CompPropDlg.h">
      <Filter>Header Files</Filter>
    </ClInclude>
    <ClInclude Include="Loop.h">
      <Filter>Header Files</Filter>
    </ClInclude>
    <ClInclude Include="LoopPropDlg.h">
      <Filter>Header Files</Filter>
    </ClInclude>
    <ClInclude Include="MultilineList.h">
      <Filter>Header Files</Filter>
    </ClInclude>
    <ClInclude Include="Naadh.h">
      <Filter>Header Files</Filter>
    </ClInclude>
    <ClInclude Include="NaadhDlg.h">
      <Filter>Header Files</Filter>
    </ClInclude>
    <ClInclude Include="Resource.h">
      <Filter>Header Files</Filter>
    </ClInclude>
    <ClInclude Include="ScrollHelper.h">
      <Filter>Header Files</Filter>
    </ClInclude>
    <ClInclude Include="stdafx.h">
      <Filter>Header Files</Filter>
    </ClInclude>
    <ClInclude Include="UpdateCheck.h">
      <Filter>Header Files</Filter>
    </ClInclude>
    <ClInclude Include="WaveBox.h">
      <Filter>Header Files</Filter>
    </ClInclude>
    <ClInclude Include="zoomctrl.h">
      <Filter>Header Files</Filter>
    </ClInclude>
    <ClInclude Include="Sequence.h">
      <Filter>Header Files</Filter>
    </ClInclude>
  </ItemGroup>
  <ItemGroup>
    <None Include="res\idr_main.ico">
      <Filter>Resource Files</Filter>
    </None>
    <None Include="ReadMe.txt" />
    <None Include="res\icon1.ico">
      <Filter>Resource Files</Filter>
    </None>
    <None Include="res\Naad.ico">
      <Filter>Resource Files</Filter>
    </None>
    <None Include="res\Naad.rc2">
      <Filter>Resource Files</Filter>
    </None>
  </ItemGroup>
  <ItemGroup>
    <Manifest Include="res\Naad.manifest" />
  </ItemGroup>
  <ItemGroup>
    <ResourceCompile Include="Naad.rc">
      <Filter>Resource Files</Filter>
    </ResourceCompile>
  </ItemGroup>
</Project>